{
  "name": "gbm-test-repo",
  "version": "1.0.0",
  "lockfileVersion": 1,
  "requires": true,
  "dependencies": {
    "abort-controller": {
      "version": "3.0.0",
      "resolved": "https://artifactory.int.liveperson.net:443/artifactory/api/npm/lp-npm-virtual/abort-controller/-/abort-controller-3.0.0.tgz",
      "integrity": "sha1-6vVNU7YrrkE46AnKIlyEOabvs5I=",
      "requires": {
        "event-target-shim": "^5.0.0"
      }
    },
    "agent-base": {
      "version": "6.0.2",
      "resolved": "https://artifactory.int.liveperson.net:443/artifactory/api/npm/lp-npm-virtual/agent-base/-/agent-base-6.0.2.tgz",
      "integrity": "sha1-Sf/1hXfP7j83F2/qtMIuAPhtf3c=",
      "requires": {
        "debug": "4"
      }
    },
    "arrify": {
      "version": "2.0.1",
      "resolved": "https://artifactory.int.liveperson.net:443/artifactory/api/npm/lp-npm-virtual/arrify/-/arrify-2.0.1.tgz",
      "integrity": "sha1-yWVekzHgq81YjSp8rX6ZVvZnAfo="
    },
    "base64-js": {
      "version": "1.5.1",
      "resolved": "https://artifactory.int.liveperson.net:443/artifactory/api/npm/lp-npm-virtual/base64-js/-/base64-js-1.5.1.tgz",
      "integrity": "sha1-GxtEAWClv3rUC2UPCVljSBkDkwo="
    },
    "bignumber.js": {
      "version": "9.0.1",
      "resolved": "https://artifactory.int.liveperson.net:443/artifactory/api/npm/lp-npm-virtual/bignumber.js/-/bignumber.js-9.0.1.tgz",
      "integrity": "sha1-jXuhJMiCv9jkMmDGdHVRjQaJ5OU="
    },
    "buffer-equal-constant-time": {
      "version": "1.0.1",
      "resolved": "https://artifactory.int.liveperson.net:443/artifactory/api/npm/lp-npm-virtual/buffer-equal-constant-time/-/buffer-equal-constant-time-1.0.1.tgz",
      "integrity": "sha1-+OcRMvf/5uAaXJaXpMbz5I1cyBk="
    },
    "businesscommunications": {
      "version": "1.0.5",
      "resolved": "https://artifactory.int.liveperson.net:443/artifactory/api/npm/lp-npm-virtual/businesscommunications/-/businesscommunications-1.0.5.tgz",
      "integrity": "sha1-Fao10K6LgoLafRhAo0P2EOnjDOg="
    },
    "call-bind": {
      "version": "1.0.2",
      "resolved": "https://artifactory.int.liveperson.net:443/artifactory/api/npm/lp-npm-virtual/call-bind/-/call-bind-1.0.2.tgz",
      "integrity": "sha1-sdTonmiBGcPJqQOtMKuy9qkZvjw=",
      "requires": {
        "function-bind": "^1.1.1",
        "get-intrinsic": "^1.0.2"
      }
    },
    "debug": {
      "version": "4.3.2",
      "resolved": "https://artifactory.int.liveperson.net:443/artifactory/api/npm/lp-npm-virtual/debug/-/debug-4.3.2.tgz",
      "integrity": "sha1-8KScGKyHeeMdSgxgKd+3aHPHQos=",
      "requires": {
        "ms": "2.1.2"
      }
    },
    "ecdsa-sig-formatter": {
      "version": "1.0.11",
      "resolved": "https://artifactory.int.liveperson.net:443/artifactory/api/npm/lp-npm-virtual/ecdsa-sig-formatter/-/ecdsa-sig-formatter-1.0.11.tgz",
      "integrity": "sha1-rg8PothQRe8UqBfao86azQSJ5b8=",
      "requires": {
        "safe-buffer": "^5.0.1"
      }
    },
    "event-target-shim": {
      "version": "5.0.1",
      "resolved": "https://artifactory.int.liveperson.net:443/artifactory/api/npm/lp-npm-virtual/event-target-shim/-/event-target-shim-5.0.1.tgz",
      "integrity": "sha1-XU0+vflYPWOlMzzi3rdICrKwV4k="
    },
    "extend": {
      "version": "3.0.2",
      "resolved": "https://artifactory.int.liveperson.net:443/artifactory/api/npm/lp-npm-virtual/extend/-/extend-3.0.2.tgz",
      "integrity": "sha1-+LETa0Bx+9jrFAr/hYsQGewpFfo="
    },
    "fast-text-encoding": {
      "version": "1.0.3",
      "resolved": "https://artifactory.int.liveperson.net:443/artifactory/api/npm/lp-npm-virtual/fast-text-encoding/-/fast-text-encoding-1.0.3.tgz",
      "integrity": "sha1-7AKsjgGrijGa8YLa4mgSE8/pzlM="
    },
    "function-bind": {
      "version": "1.1.1",
      "resolved": "https://artifactory.int.liveperson.net:443/artifactory/api/npm/lp-npm-virtual/function-bind/-/function-bind-1.1.1.tgz",
      "integrity": "sha1-pWiZ0+o8m6uHS7l3O3xe3pL0iV0="
    },
    "gaxios": {
      "version": "4.3.1",
      "resolved": "https://artifactory.int.liveperson.net:443/artifactory/api/npm/lp-npm-virtual/gaxios/-/gaxios-4.3.1.tgz",
      "integrity": "sha1-1F/ZSmPsD8ZX1ANDwxyrXiTHXzs=",
      "requires": {
        "abort-controller": "^3.0.0",
        "extend": "^3.0.2",
        "https-proxy-agent": "^5.0.0",
        "is-stream": "^2.0.0",
        "node-fetch": "^2.6.1"
      }
    },
    "gcp-metadata": {
      "version": "4.3.1",
      "resolved": "https://artifactory.int.liveperson.net:443/artifactory/api/npm/lp-npm-virtual/gcp-metadata/-/gcp-metadata-4.3.1.tgz",
      "integrity": "sha1-+yBf5qkP7y/ZyF5roG5VWe4e76k=",
      "requires": {
        "gaxios": "^4.0.0",
        "json-bigint": "^1.0.0"
      }
    },
    "get-intrinsic": {
      "version": "1.1.1",
      "resolved": "https://artifactory.int.liveperson.net:443/artifactory/api/npm/lp-npm-virtual/get-intrinsic/-/get-intrinsic-1.1.1.tgz",
      "integrity": "sha1-FfWfN2+FXERpY5SPDSTNNje0q8Y=",
      "requires": {
        "function-bind": "^1.1.1",
        "has": "^1.0.3",
        "has-symbols": "^1.0.1"
      }
    },
    "google-auth-library": {
      "version": "7.9.1",
      "resolved": "https://artifactory.int.liveperson.net:443/artifactory/api/npm/lp-npm-virtual/google-auth-library/-/google-auth-library-7.9.1.tgz",
      "integrity": "sha1-uQo6D6Z9a6eMQ//e6wpm/Ovm+5E=",
      "requires": {
        "arrify": "^2.0.0",
        "base64-js": "^1.3.0",
        "ecdsa-sig-formatter": "^1.0.11",
        "fast-text-encoding": "^1.0.0",
        "gaxios": "^4.0.0",
        "gcp-metadata": "^4.2.0",
        "gtoken": "^5.0.4",
        "jws": "^4.0.0",
        "lru-cache": "^6.0.0"
      }
    },
    "google-p12-pem": {
      "version": "3.1.2",
      "resolved": "https://artifactory.int.liveperson.net:443/artifactory/api/npm/lp-npm-virtual/google-p12-pem/-/google-p12-pem-3.1.2.tgz",
      "integrity": "sha1-w9YcLajhCEP/gw/bDSBZBGI4wdQ=",
      "requires": {
        "node-forge": "^0.10.0"
      }
    },
    "googleapis": {
      "version": "85.0.0",
      "resolved": "https://artifactory.int.liveperson.net:443/artifactory/api/npm/lp-npm-virtual/googleapis/-/googleapis-85.0.0.tgz",
      "integrity": "sha1-ojGY6eS6dcftMWg0G5csTUDXSpw=",
      "requires": {
        "google-auth-library": "^7.0.2",
        "googleapis-common": "^5.0.2"
      }
    },
    "googleapis-common": {
      "version": "5.0.5",
      "resolved": "https://artifactory.int.liveperson.net:443/artifactory/api/npm/lp-npm-virtual/googleapis-common/-/googleapis-common-5.0.5.tgz",
      "integrity": "sha1-THFgvh7X5MyM28226siks6Yd14I=",
      "requires": {
        "extend": "^3.0.2",
        "gaxios": "^4.0.0",
        "google-auth-library": "^7.0.2",
        "qs": "^6.7.0",
        "url-template": "^2.0.8",
        "uuid": "^8.0.0"
      }
    },
    "gtoken": {
      "version": "5.3.1",
      "resolved": "https://artifactory.int.liveperson.net:443/artifactory/api/npm/lp-npm-virtual/gtoken/-/gtoken-5.3.1.tgz",
      "integrity": "sha1-wcJZioJvK133xrtT175s9tUMPHg=",
      "requires": {
        "gaxios": "^4.0.0",
        "google-p12-pem": "^3.0.3",
        "jws": "^4.0.0"
      }
    },
    "has": {
      "version": "1.0.3",
      "resolved": "https://artifactory.int.liveperson.net:443/artifactory/api/npm/lp-npm-virtual/has/-/has-1.0.3.tgz",
      "integrity": "sha1-ci18v8H2qoJB8W3YFOAR4fQeh5Y=",
      "requires": {
        "function-bind": "^1.1.1"
      }
    },
    "has-symbols": {
      "version": "1.0.2",
      "resolved": "https://artifactory.int.liveperson.net:443/artifactory/api/npm/lp-npm-virtual/has-symbols/-/has-symbols-1.0.2.tgz",
      "integrity": "sha1-Fl0wcMADCXUqEjakeTMeOsVvFCM="
    },
    "https-proxy-agent": {
      "version": "5.0.0",
      "resolved": "https://artifactory.int.liveperson.net:443/artifactory/api/npm/lp-npm-virtual/https-proxy-agent/-/https-proxy-agent-5.0.0.tgz",
      "integrity": "sha1-4qkFQqu2inYuCghQ9sntrf2FBrI=",
      "requires": {
        "agent-base": "6",
        "debug": "4"
      }
    },
    "is-stream": {
      "version": "2.0.1",
      "resolved": "https://artifactory.int.liveperson.net:443/artifactory/api/npm/lp-npm-virtual/is-stream/-/is-stream-2.0.1.tgz",
      "integrity": "sha1-+sHj1TuXrVqdCunO8jifWBClwHc="
    },
    "json-bigint": {
      "version": "1.0.0",
      "resolved": "https://artifactory.int.liveperson.net:443/artifactory/api/npm/lp-npm-virtual/json-bigint/-/json-bigint-1.0.0.tgz",
      "integrity": "sha1-rlR4I6wMrYOYZn+M2e9HMPWwH/E=",
      "requires": {
        "bignumber.js": "^9.0.0"
      }
    },
    "jwa": {
      "version": "2.0.0",
      "resolved": "https://artifactory.int.liveperson.net:443/artifactory/api/npm/lp-npm-virtual/jwa/-/jwa-2.0.0.tgz",
      "integrity": "sha1-p+nD8p2ulAJ+vK9Jl1yTRVk0EPw=",
      "requires": {
        "buffer-equal-constant-time": "1.0.1",
        "ecdsa-sig-formatter": "1.0.11",
        "safe-buffer": "^5.0.1"
      }
    },
    "jws": {
      "version": "4.0.0",
      "resolved": "https://artifactory.int.liveperson.net:443/artifactory/api/npm/lp-npm-virtual/jws/-/jws-4.0.0.tgz",
      "integrity": "sha1-LU6M9qMY/6oSYV6d7H6G5slzEPQ=",
      "requires": {
        "jwa": "^2.0.0",
        "safe-buffer": "^5.0.1"
      }
    },
    "lru-cache": {
      "version": "6.0.0",
      "resolved": "https://artifactory.int.liveperson.net:443/artifactory/api/npm/lp-npm-virtual/lru-cache/-/lru-cache-6.0.0.tgz",
      "integrity": "sha1-bW/mVw69lqr5D8rR2vo7JWbbOpQ=",
      "requires": {
        "yallist": "^4.0.0"
      }
    },
    "ms": {
      "version": "2.1.2",
      "resolved": "https://artifactory.int.liveperson.net:443/artifactory/api/npm/lp-npm-virtual/ms/-/ms-2.1.2.tgz",
      "integrity": "sha1-0J0fNXtEP0kzgqjrPM0YOHKuYAk="
    },
    "node-fetch": {
      "version": "2.6.2",
      "resolved": "https://artifactory.int.liveperson.net:443/artifactory/api/npm/lp-npm-virtual/node-fetch/-/node-fetch-2.6.2.tgz",
      "integrity": "sha1-mGmWgYtzeF5HsZZcw06wk6HUZNA="
    },
    "node-forge": {
      "version": "0.10.0",
      "resolved": "https://artifactory.int.liveperson.net:443/artifactory/api/npm/lp-npm-virtual/node-forge/-/node-forge-0.10.0.tgz",
      "integrity": "sha1-Mt6ir7Ppkm8C7lzoeUkCaRpna/M="
    },
    "object-inspect": {
      "version": "1.11.0",
      "resolved": "https://artifactory.int.liveperson.net:443/artifactory/api/npm/lp-npm-virtual/object-inspect/-/object-inspect-1.11.0.tgz",
      "integrity": "sha1-nc6xRs7dQUig2eUauI00z1CZIrE="
    },
    "qs": {
      "version": "6.10.1",
      "resolved": "https://artifactory.int.liveperson.net:443/artifactory/api/npm/lp-npm-virtual/qs/-/qs-6.10.1.tgz",
      "integrity": "sha1-STFIL6jWR6Wqt5nFJx0hM7mB+2o=",
      "requires": {
        "side-channel": "^1.0.4"
      }
    },
    "safe-buffer": {
      "version": "5.2.1",
      "resolved": "https://artifactory.int.liveperson.net:443/artifactory/api/npm/lp-npm-virtual/safe-buffer/-/safe-buffer-5.2.1.tgz",
      "integrity": "sha1-Hq+fqb2x/dTsdfWPnNtOa3gn7sY="
    },
    "side-channel": {
      "version": "1.0.4",
      "resolved": "https://artifactory.int.liveperson.net:443/artifactory/api/npm/lp-npm-virtual/side-channel/-/side-channel-1.0.4.tgz",
      "integrity": "sha1-785cj9wQTudRslxY1CkAEfpeos8=",
      "requires": {
        "call-bind": "^1.0.0",
        "get-intrinsic": "^1.0.2",
        "object-inspect": "^1.9.0"
      }
    },
    "url-template": {
      "version": "2.0.8",
      "resolved": "https://artifactory.int.liveperson.net:443/artifactory/api/npm/lp-npm-virtual/url-template/-/url-template-2.0.8.tgz",
      "integrity": "sha1-/FZaPMy/93MMd19WQflVV5FDnyE="
    },
    "uuid": {
      "version": "8.3.2",
      "resolved": "https://artifactory.int.liveperson.net:443/artifactory/api/npm/lp-npm-virtual/uuid/-/uuid-8.3.2.tgz",
      "integrity": "sha1-gNW1ztJxu5r2xEXyGhoExgbO++I="
    },
    "yallist": {
      "version": "4.0.0",
      "resolved": "https://artifactory.int.liveperson.net:443/artifactory/api/npm/lp-npm-virtual/yallist/-/yallist-4.0.0.tgz",
      "integrity": "sha1-m7knkNnA7/7GO+c1GeEaNQGaOnI="
    }
  }
}
